
Microsoft Visual Studio Solution File, Format Version 12.00
# Visual Studio 15
VisualStudioVersion = 15.0.27703.2026
MinimumVisualStudioVersion = 10.0.40219.1
Project("{2150E333-8FDC-42A3-9474-1A3956D46DE8}") = "src", "src", "{9AC300F0-CE53-46F8-86F3-E3502EF15754}"
EndProject
Project("{2150E333-8FDC-42A3-9474-1A3956D46DE8}") = "test", "test", "{E7AAC6CA-2484-4118-A87F-EE57108841EC}"
EndProject
Project("{FAE04EC0-301F-11D3-BF4B-00C04F79EFBC}") = "Deluge.Calculator.MoveSet", "src\Deluge.Calculator.MoveSet\Deluge.Calculator.MoveSet.csproj", "{C3095899-645D-4438-8ECA-EAD8780B6C41}"
EndProject
Global
	GlobalSection(SolutionConfigurationPlatforms) = preSolution
		Debug|Any CPU = Debug|Any CPU
		Release|Any CPU = Release|Any CPU
	EndGlobalSection
	GlobalSection(ProjectConfigurationPlatforms) = postSolution
		{C3095899-645D-4438-8ECA-EAD8780B6C41}.Debug|Any CPU.ActiveCfg = Debug|Any CPU
		{C3095899-645D-4438-8ECA-EAD8780B6C41}.Debug|Any CPU.Build.0 = Debug|Any CPU
		{C3095899-645D-4438-8ECA-EAD8780B6C41}.Release|Any CPU.ActiveCfg = Release|Any CPU
		{C3095899-645D-4438-8ECA-EAD8780B6C41}.Release|Any CPU.Build.0 = Release|Any CPU
	EndGlobalSection
	GlobalSection(SolutionProperties) = preSolution
		HideSolutionNode = FALSE
	EndGlobalSection
	GlobalSection(NestedProjects) = preSolution
		{C3095899-645D-4438-8ECA-EAD8780B6C41} = {9AC300F0-CE53-46F8-86F3-E3502EF15754}
	EndGlobalSection
	GlobalSection(ExtensibilityGlobals) = postSolution
		SolutionGuid = {FAF1F1E5-83B2-4E59-B2CB-086719D6B0C8}
	EndGlobalSection
EndGlobal
